
Microsoft Visual Studio Solution File, Format Version 12.00
# Visual Studio Version 16
VisualStudioVersion = 16.0.29324.140
MinimumVisualStudioVersion = 10.0.40219.1
Project("{FAE04EC0-301F-11D3-BF4B-00C04F79EFBC}") = "lab2_part6", "lab2_part6\lab2_part6.csproj", "{AB3874A3-D577-44E0-A80F-9C1BB114F480}"
EndProject
Global
	GlobalSection(SolutionConfigurationPlatforms) = preSolution
		Debug|Any CPU = Debug|Any CPU
		Release|Any CPU = Release|Any CPU
	EndGlobalSection
	GlobalSection(ProjectConfigurationPlatforms) = postSolution
		{AB3874A3-D577-44E0-A80F-9C1BB114F480}.Debug|Any CPU.ActiveCfg = Debug|Any CPU
		{AB3874A3-D577-44E0-A80F-9C1BB114F480}.Debug|Any CPU.Build.0 = Debug|Any CPU
		{AB3874A3-D577-44E0-A80F-9C1BB114F480}.Release|Any CPU.ActiveCfg = Release|Any CPU
		{AB3874A3-D577-44E0-A80F-9C1BB114F480}.Release|Any CPU.Build.0 = Release|Any CPU
	EndGlobalSection
	GlobalSection(SolutionProperties) = preSolution
		HideSolutionNode = FALSE
	EndGlobalSection
	GlobalSection(ExtensibilityGlobals) = postSolution
		SolutionGuid = {E43C4F55-D9AF-4273-AC3E-D2CB3CACCB29}
	EndGlobalSection
EndGlobal
