
Microsoft Visual Studio Solution File, Format Version 12.00
# Visual Studio Version 16
VisualStudioVersion = 16.0.29324.140
MinimumVisualStudioVersion = 10.0.40219.1
Project("{FAE04EC0-301F-11D3-BF4B-00C04F79EFBC}") = "lab2_part3", "lab2_part3\lab2_part3.csproj", "{D9CDA7F4-682D-4E93-9C95-2A6E808FDB64}"
EndProject
Global
	GlobalSection(SolutionConfigurationPlatforms) = preSolution
		Debug|Any CPU = Debug|Any CPU
		Release|Any CPU = Release|Any CPU
	EndGlobalSection
	GlobalSection(ProjectConfigurationPlatforms) = postSolution
		{D9CDA7F4-682D-4E93-9C95-2A6E808FDB64}.Debug|Any CPU.ActiveCfg = Debug|Any CPU
		{D9CDA7F4-682D-4E93-9C95-2A6E808FDB64}.Debug|Any CPU.Build.0 = Debug|Any CPU
		{D9CDA7F4-682D-4E93-9C95-2A6E808FDB64}.Release|Any CPU.ActiveCfg = Release|Any CPU
		{D9CDA7F4-682D-4E93-9C95-2A6E808FDB64}.Release|Any CPU.Build.0 = Release|Any CPU
	EndGlobalSection
	GlobalSection(SolutionProperties) = preSolution
		HideSolutionNode = FALSE
	EndGlobalSection
	GlobalSection(ExtensibilityGlobals) = postSolution
		SolutionGuid = {8D8E5A2C-EC15-4F54-B720-98E28A28FA3A}
	EndGlobalSection
EndGlobal
