
Microsoft Visual Studio Solution File, Format Version 12.00
# Visual Studio Version 16
VisualStudioVersion = 16.0.29324.140
MinimumVisualStudioVersion = 10.0.40219.1
Project("{FAE04EC0-301F-11D3-BF4B-00C04F79EFBC}") = "lab6_part1", "lab6_part1\lab6_part1.csproj", "{62091D50-B71B-4D30-BA38-12A563CA62F0}"
EndProject
Global
	GlobalSection(SolutionConfigurationPlatforms) = preSolution
		Debug|Any CPU = Debug|Any CPU
		Release|Any CPU = Release|Any CPU
	EndGlobalSection
	GlobalSection(ProjectConfigurationPlatforms) = postSolution
		{62091D50-B71B-4D30-BA38-12A563CA62F0}.Debug|Any CPU.ActiveCfg = Debug|Any CPU
		{62091D50-B71B-4D30-BA38-12A563CA62F0}.Debug|Any CPU.Build.0 = Debug|Any CPU
		{62091D50-B71B-4D30-BA38-12A563CA62F0}.Release|Any CPU.ActiveCfg = Release|Any CPU
		{62091D50-B71B-4D30-BA38-12A563CA62F0}.Release|Any CPU.Build.0 = Release|Any CPU
	EndGlobalSection
	GlobalSection(SolutionProperties) = preSolution
		HideSolutionNode = FALSE
	EndGlobalSection
	GlobalSection(ExtensibilityGlobals) = postSolution
		SolutionGuid = {5F38ED45-A472-4F71-A453-5138DB23A976}
	EndGlobalSection
EndGlobal
